{"1.1.0",
[{<<"antidote_crdt">>,
  {git,"https://github.com/SyncFree/antidote_crdt.git",
       {ref,"9637edea6f7a4ef2386760ca14626f3a056ffecc"}},
  0},
 {<<"cache">>,{pkg,<<"cache">>,<<"2.2.0">>},0},
 {<<"goldrush">>,{pkg,<<"goldrush">>,<<"0.1.8">>},1},
 {<<"lager">>,{pkg,<<"lager">>,<<"3.2.1">>},0},
 {<<"riak_dt">>,
  {git,"git://github.com/aletomsic/riak_dt",
       {ref,"86cfe29db5495eaafdb241f168d27a29db90e4cf"}},
  1}]}.
[
{pkg_hash,[
 {<<"cache">>, <<"3C11DBF4CD8FCD5787C95A5FB2A04038E3729CFCA0386016EEA8C953AB48A5AB">>},
 {<<"goldrush">>, <<"2024BA375CEEA47E27EA70E14D2C483B2D8610101B4E852EF7F89163CDB6E649">>},
 {<<"lager">>, <<"EEF4E18B39E4195D37606D9088EA05BF1B745986CF8EC84F01D332456FE88D17">>}]}
].
